// !$*UTF8*$!
{
	archiveVersion = 1;
	classes = {
	};
	objectVersion = 60;
	objects = {

/* Begin PBXBuildFile section */
		3B37509D2B698D9C000F44BB /* Face_Capture_DemoApp.swift in Sources */ = {isa = PBXBuildFile; fileRef = 3B37509C2B698D9C000F44BB /* Face_Capture_DemoApp.swift */; };
		3B37509F2B698D9C000F44BB /* ModalView.swift in Sources */ = {isa = PBXBuildFile; fileRef = 3B37509E2B698D9C000F44BB /* ModalView.swift */; };
		3B3750A12B698DA1000F44BB /* Assets.xcassets in Resources */ = {isa = PBXBuildFile; fileRef = 3B3750A02B698DA1000F44BB /* Assets.xcassets */; };
		3B3750A42B698DA1000F44BB /* Preview Assets.xcassets in Resources */ = {isa = PBXBuildFile; fileRef = 3B3750A32B698DA1000F44BB /* Preview Assets.xcassets */; };
		3B3750AC2B698DD2000F44BB /* FaceCapture in Frameworks */ = {isa = PBXBuildFile; productRef = 3B3750AB2B698DD2000F44BB /* FaceCapture */; };
		3B3750AF2B6991C2000F44BB /* FaceCapture in Frameworks */ = {isa = PBXBuildFile; productRef = 3B3750AE2B6991C2000F44BB /* FaceCapture */; };
		3B4A6C7C2B73B7680026EC12 /* FaceCaptureResultView.swift in Sources */ = {isa = PBXBuildFile; fileRef = 3B4A6C7B2B73B7680026EC12 /* FaceCaptureResultView.swift */; };
		3B6CCDD22B72BEBC008A801D /* FaceCapture in Frameworks */ = {isa = PBXBuildFile; productRef = 3B6CCDD12B72BEBC008A801D /* FaceCapture */; };
		3B6CCDD42B72C258008A801D /* IndexView.swift in Sources */ = {isa = PBXBuildFile; fileRef = 3B6CCDD32B72C258008A801D /* IndexView.swift */; };
		3B6CCDD62B72C766008A801D /* EmbeddedView.swift in Sources */ = {isa = PBXBuildFile; fileRef = 3B6CCDD52B72C766008A801D /* EmbeddedView.swift */; };
		3B6CCDD82B72C770008A801D /* NavStackView.swift in Sources */ = {isa = PBXBuildFile; fileRef = 3B6CCDD72B72C770008A801D /* NavStackView.swift */; };
		3BE1A5FC2B761901005E853C /* SettingsView.swift in Sources */ = {isa = PBXBuildFile; fileRef = 3BE1A5FB2B761900005E853C /* SettingsView.swift */; };
		3BE1A5FE2B762B37005E853C /* Settings.swift in Sources */ = {isa = PBXBuildFile; fileRef = 3BE1A5FD2B762B37005E853C /* Settings.swift */; };
/* End PBXBuildFile section */

/* Begin PBXFileReference section */
		3B3750992B698D9C000F44BB /* Face Capture Demo.app */ = {isa = PBXFileReference; explicitFileType = wrapper.application; includeInIndex = 0; path = "Face Capture Demo.app"; sourceTree = BUILT_PRODUCTS_DIR; };
		3B37509C2B698D9C000F44BB /* Face_Capture_DemoApp.swift */ = {isa = PBXFileReference; lastKnownFileType = sourcecode.swift; path = Face_Capture_DemoApp.swift; sourceTree = "<group>"; };
		3B37509E2B698D9C000F44BB /* ModalView.swift */ = {isa = PBXFileReference; lastKnownFileType = sourcecode.swift; path = ModalView.swift; sourceTree = "<group>"; };
		3B3750A02B698DA1000F44BB /* Assets.xcassets */ = {isa = PBXFileReference; lastKnownFileType = folder.assetcatalog; path = Assets.xcassets; sourceTree = "<group>"; };
		3B3750A32B698DA1000F44BB /* Preview Assets.xcassets */ = {isa = PBXFileReference; lastKnownFileType = folder.assetcatalog; path = "Preview Assets.xcassets"; sourceTree = "<group>"; };
		3B4A6C7B2B73B7680026EC12 /* FaceCaptureResultView.swift */ = {isa = PBXFileReference; lastKnownFileType = sourcecode.swift; path = FaceCaptureResultView.swift; sourceTree = "<group>"; };
		3B6CCDD32B72C258008A801D /* IndexView.swift */ = {isa = PBXFileReference; lastKnownFileType = sourcecode.swift; path = IndexView.swift; sourceTree = "<group>"; };
		3B6CCDD52B72C766008A801D /* EmbeddedView.swift */ = {isa = PBXFileReference; lastKnownFileType = sourcecode.swift; path = EmbeddedView.swift; sourceTree = "<group>"; };
		3B6CCDD72B72C770008A801D /* NavStackView.swift */ = {isa = PBXFileReference; lastKnownFileType = sourcecode.swift; path = NavStackView.swift; sourceTree = "<group>"; };
		3B8E27D12B7CBBE2009BB2FD /* Face-Capture-Demo-Info.plist */ = {isa = PBXFileReference; lastKnownFileType = text.plist; path = "Face-Capture-Demo-Info.plist"; sourceTree = SOURCE_ROOT; };
		3BE1A5FB2B761900005E853C /* SettingsView.swift */ = {isa = PBXFileReference; lastKnownFileType = sourcecode.swift; path = SettingsView.swift; sourceTree = "<group>"; };
		3BE1A5FD2B762B37005E853C /* Settings.swift */ = {isa = PBXFileReference; lastKnownFileType = sourcecode.swift; path = Settings.swift; sourceTree = "<group>"; };
/* End PBXFileReference section */

/* Begin PBXFrameworksBuildPhase section */
		3B3750962B698D9C000F44BB /* Frameworks */ = {
			isa = PBXFrameworksBuildPhase;
			buildActionMask = 2147483647;
			files = (
				3B3750AF2B6991C2000F44BB /* FaceCapture in Frameworks */,
				3B6CCDD22B72BEBC008A801D /* FaceCapture in Frameworks */,
				3B3750AC2B698DD2000F44BB /* FaceCapture in Frameworks */,
			);
			runOnlyForDeploymentPostprocessing = 0;
		};
/* End PBXFrameworksBuildPhase section */

/* Begin PBXGroup section */
		3B3750902B698D9B000F44BB = {
			isa = PBXGroup;
			children = (
				3B37509B2B698D9C000F44BB /* Face Capture Demo */,
				3B37509A2B698D9C000F44BB /* Products */,
			);
			sourceTree = "<group>";
		};
		3B37509A2B698D9C000F44BB /* Products */ = {
			isa = PBXGroup;
			children = (
				3B3750992B698D9C000F44BB /* Face Capture Demo.app */,
			);
			name = Products;
			sourceTree = "<group>";
		};
		3B37509B2B698D9C000F44BB /* Face Capture Demo */ = {
			isa = PBXGroup;
			children = (
				3B8E27D12B7CBBE2009BB2FD /* Face-Capture-Demo-Info.plist */,
				3B37509C2B698D9C000F44BB /* Face_Capture_DemoApp.swift */,
				3B37509E2B698D9C000F44BB /* ModalView.swift */,
				3B3750A02B698DA1000F44BB /* Assets.xcassets */,
				3B3750A22B698DA1000F44BB /* Preview Content */,
				3B6CCDD32B72C258008A801D /* IndexView.swift */,
				3B6CCDD52B72C766008A801D /* EmbeddedView.swift */,
				3B6CCDD72B72C770008A801D /* NavStackView.swift */,
				3B4A6C7B2B73B7680026EC12 /* FaceCaptureResultView.swift */,
				3BE1A5FB2B761900005E853C /* SettingsView.swift */,
				3BE1A5FD2B762B37005E853C /* Settings.swift */,
			);
			path = "Face Capture Demo";
			sourceTree = "<group>";
		};
		3B3750A22B698DA1000F44BB /* Preview Content */ = {
			isa = PBXGroup;
			children = (
				3B3750A32B698DA1000F44BB /* Preview Assets.xcassets */,
			);
			path = "Preview Content";
			sourceTree = "<group>";
		};
/* End PBXGroup section */

/* Begin PBXNativeTarget section */
		3B3750982B698D9C000F44BB /* Face Capture Demo */ = {
			isa = PBXNativeTarget;
			buildConfigurationList = 3B3750A72B698DA1000F44BB /* Build configuration list for PBXNativeTarget "Face Capture Demo" */;
			buildPhases = (
				3B3750952B698D9C000F44BB /* Sources */,
				3B3750962B698D9C000F44BB /* Frameworks */,
				3B3750972B698D9C000F44BB /* Resources */,
			);
			buildRules = (
			);
			dependencies = (
			);
			name = "Face Capture Demo";
			packageProductDependencies = (
				3B3750AB2B698DD2000F44BB /* FaceCapture */,
				3B3750AE2B6991C2000F44BB /* FaceCapture */,
				3B6CCDD12B72BEBC008A801D /* FaceCapture */,
			);
			productName = "Face Capture Demo";
			productReference = 3B3750992B698D9C000F44BB /* Face Capture Demo.app */;
			productType = "com.apple.product-type.application";
		};
/* End PBXNativeTarget section */

/* Begin PBXProject section */
		3B3750912B698D9B000F44BB /* Project object */ = {
			isa = PBXProject;
			attributes = {
				BuildIndependentTargetsInParallel = 1;
				LastSwiftUpdateCheck = 1520;
				LastUpgradeCheck = 1520;
				TargetAttributes = {
					3B3750982B698D9C000F44BB = {
						CreatedOnToolsVersion = 15.2;
					};
				};
			};
			buildConfigurationList = 3B3750942B698D9C000F44BB /* Build configuration list for PBXProject "Face Capture Demo" */;
			compatibilityVersion = "Xcode 14.0";
			developmentRegion = en;
			hasScannedForEncodings = 0;
			knownRegions = (
				en,
				Base,
			);
			mainGroup = 3B3750902B698D9B000F44BB;
			packageReferences = (
				3B6CCDD02B72BEBC008A801D /* XCLocalSwiftPackageReference ".." */,
			);
			productRefGroup = 3B37509A2B698D9C000F44BB /* Products */;
			projectDirPath = "";
			projectRoot = "";
			targets = (
				3B3750982B698D9C000F44BB /* Face Capture Demo */,
			);
		};
/* End PBXProject section */

/* Begin PBXResourcesBuildPhase section */
		3B3750972B698D9C000F44BB /* Resources */ = {
			isa = PBXResourcesBuildPhase;
			buildActionMask = 2147483647;
			files = (
				3B3750A42B698DA1000F44BB /* Preview Assets.xcassets in Resources */,
				3B3750A12B698DA1000F44BB /* Assets.xcassets in Resources */,
			);
			runOnlyForDeploymentPostprocessing = 0;
		};
/* End PBXResourcesBuildPhase section */

/* Begin PBXSourcesBuildPhase section */
		3B3750952B698D9C000F44BB /* Sources */ = {
			isa = PBXSourcesBuildPhase;
			buildActionMask = 2147483647;
			files = (
				3BE1A5FC2B761901005E853C /* SettingsView.swift in Sources */,
				3B37509F2B698D9C000F44BB /* ModalView.swift in Sources */,
				3BE1A5FE2B762B37005E853C /* Settings.swift in Sources */,
				3B4A6C7C2B73B7680026EC12 /* FaceCaptureResultView.swift in Sources */,
				3B6CCDD42B72C258008A801D /* IndexView.swift in Sources */,
				3B6CCDD82B72C770008A801D /* NavStackView.swift in Sources */,
				3B6CCDD62B72C766008A801D /* EmbeddedView.swift in Sources */,
				3B37509D2B698D9C000F44BB /* Face_Capture_DemoApp.swift in Sources */,
			);
			runOnlyForDeploymentPostprocessing = 0;
		};
/* End PBXSourcesBuildPhase section */

/* Begin XCBuildConfiguration section */
		3B3750A52B698DA1000F44BB /* Debug */ = {
			isa = XCBuildConfiguration;
			buildSettings = {
				ALWAYS_SEARCH_USER_PATHS = NO;
				ASSETCATALOG_COMPILER_GENERATE_SWIFT_ASSET_SYMBOL_EXTENSIONS = YES;
				CLANG_ANALYZER_NONNULL = YES;
				CLANG_ANALYZER_NUMBER_OBJECT_CONVERSION = YES_AGGRESSIVE;
				CLANG_CXX_LANGUAGE_STANDARD = "gnu++20";
				CLANG_ENABLE_MODULES = YES;
				CLANG_ENABLE_OBJC_ARC = YES;
				CLANG_ENABLE_OBJC_WEAK = YES;
				CLANG_WARN_BLOCK_CAPTURE_AUTORELEASING = YES;
				CLANG_WARN_BOOL_CONVERSION = YES;
				CLANG_WARN_COMMA = YES;
				CLANG_WARN_CONSTANT_CONVERSION = YES;
				CLANG_WARN_DEPRECATED_OBJC_IMPLEMENTATIONS = YES;
				CLANG_WARN_DIRECT_OBJC_ISA_USAGE = YES_ERROR;
				CLANG_WARN_DOCUMENTATION_COMMENTS = YES;
				CLANG_WARN_EMPTY_BODY = YES;
				CLANG_WARN_ENUM_CONVERSION = YES;
				CLANG_WARN_INFINITE_RECURSION = YES;
				CLANG_WARN_INT_CONVERSION = YES;
				CLANG_WARN_NON_LITERAL_NULL_CONVERSION = YES;
				CLANG_WARN_OBJC_IMPLICIT_RETAIN_SELF = YES;
				CLANG_WARN_OBJC_LITERAL_CONVERSION = YES;
				CLANG_WARN_OBJC_ROOT_CLASS = YES_ERROR;
				CLANG_WARN_QUOTED_INCLUDE_IN_FRAMEWORK_HEADER = YES;
				CLANG_WARN_RANGE_LOOP_ANALYSIS = YES;
				CLANG_WARN_STRICT_PROTOTYPES = YES;
				CLANG_WARN_SUSPICIOUS_MOVE = YES;
				CLANG_WARN_UNGUARDED_AVAILABILITY = YES_AGGRESSIVE;
				CLANG_WARN_UNREACHABLE_CODE = YES;
				CLANG_WARN__DUPLICATE_METHOD_MATCH = YES;
				COPY_PHASE_STRIP = NO;
				DEBUG_INFORMATION_FORMAT = dwarf;
				ENABLE_STRICT_OBJC_MSGSEND = YES;
				ENABLE_TESTABILITY = YES;
				ENABLE_USER_SCRIPT_SANDBOXING = YES;
				GCC_C_LANGUAGE_STANDARD = gnu17;
				GCC_DYNAMIC_NO_PIC = NO;
				GCC_NO_COMMON_BLOCKS = YES;
				GCC_OPTIMIZATION_LEVEL = 0;
				GCC_PREPROCESSOR_DEFINITIONS = (
					"DEBUG=1",
					"$(inherited)",
				);
				GCC_WARN_64_TO_32_BIT_CONVERSION = YES;
				GCC_WARN_ABOUT_RETURN_TYPE = YES_ERROR;
				GCC_WARN_UNDECLARED_SELECTOR = YES;
				GCC_WARN_UNINITIALIZED_AUTOS = YES_AGGRESSIVE;
				GCC_WARN_UNUSED_FUNCTION = YES;
				GCC_WARN_UNUSED_VARIABLE = YES;
				IPHONEOS_DEPLOYMENT_TARGET = 17.2;
				LOCALIZATION_PREFERS_STRING_CATALOGS = YES;
				MTL_ENABLE_DEBUG_INFO = INCLUDE_SOURCE;
				MTL_FAST_MATH = YES;
				ONLY_ACTIVE_ARCH = YES;
				SDKROOT = iphoneos;
				SWIFT_ACTIVE_COMPILATION_CONDITIONS = "DEBUG $(inherited)";
				SWIFT_OPTIMIZATION_LEVEL = "-Onone";
			};
			name = Debug;
		};
		3B3750A62B698DA1000F44BB /* Release */ = {
			isa = XCBuildConfiguration;
			buildSettings = {
				ALWAYS_SEARCH_USER_PATHS = NO;
				ASSETCATALOG_COMPILER_GENERATE_SWIFT_ASSET_SYMBOL_EXTENSIONS = YES;
				CLANG_ANALYZER_NONNULL = YES;
				CLANG_ANALYZER_NUMBER_OBJECT_CONVERSION = YES_AGGRESSIVE;
				CLANG_CXX_LANGUAGE_STANDARD = "gnu++20";
				CLANG_ENABLE_MODULES = YES;
				CLANG_ENABLE_OBJC_ARC = YES;
				CLANG_ENABLE_OBJC_WEAK = YES;
				CLANG_WARN_BLOCK_CAPTURE_AUTORELEASING = YES;
				CLANG_WARN_BOOL_CONVERSION = YES;
				CLANG_WARN_COMMA = YES;
				CLANG_WARN_CONSTANT_CONVERSION = YES;
				CLANG_WARN_DEPRECATED_OBJC_IMPLEMENTATIONS = YES;
				CLANG_WARN_DIRECT_OBJC_ISA_USAGE = YES_ERROR;
				CLANG_WARN_DOCUMENTATION_COMMENTS = YES;
				CLANG_WARN_EMPTY_BODY = YES;
				CLANG_WARN_ENUM_CONVERSION = YES;
				CLANG_WARN_INFINITE_RECURSION = YES;
				CLANG_WARN_INT_CONVERSION = YES;
				CLANG_WARN_NON_LITERAL_NULL_CONVERSION = YES;
				CLANG_WARN_OBJC_IMPLICIT_RETAIN_SELF = YES;
				CLANG_WARN_OBJC_LITERAL_CONVERSION = YES;
				CLANG_WARN_OBJC_ROOT_CLASS = YES_ERROR;
				CLANG_WARN_QUOTED_INCLUDE_IN_FRAMEWORK_HEADER = YES;
				CLANG_WARN_RANGE_LOOP_ANALYSIS = YES;
				CLANG_WARN_STRICT_PROTOTYPES = YES;
				CLANG_WARN_SUSPICIOUS_MOVE = YES;
				CLANG_WARN_UNGUARDED_AVAILABILITY = YES_AGGRESSIVE;
				CLANG_WARN_UNREACHABLE_CODE = YES;
				CLANG_WARN__DUPLICATE_METHOD_MATCH = YES;
				COPY_PHASE_STRIP = NO;
				DEBUG_INFORMATION_FORMAT = "dwarf-with-dsym";
				ENABLE_NS_ASSERTIONS = NO;
				ENABLE_STRICT_OBJC_MSGSEND = YES;
				ENABLE_USER_SCRIPT_SANDBOXING = YES;
				GCC_C_LANGUAGE_STANDARD = gnu17;
				GCC_NO_COMMON_BLOCKS = YES;
				GCC_WARN_64_TO_32_BIT_CONVERSION = YES;
				GCC_WARN_ABOUT_RETURN_TYPE = YES_ERROR;
				GCC_WARN_UNDECLARED_SELECTOR = YES;
				GCC_WARN_UNINITIALIZED_AUTOS = YES_AGGRESSIVE;
				GCC_WARN_UNUSED_FUNCTION = YES;
				GCC_WARN_UNUSED_VARIABLE = YES;
				IPHONEOS_DEPLOYMENT_TARGET = 17.2;
				LOCALIZATION_PREFERS_STRING_CATALOGS = YES;
				MTL_ENABLE_DEBUG_INFO = NO;
				MTL_FAST_MATH = YES;
				SDKROOT = iphoneos;
				SWIFT_COMPILATION_MODE = wholemodule;
				VALIDATE_PRODUCT = YES;
			};
			name = Release;
		};
		3B3750A82B698DA1000F44BB /* Debug */ = {
			isa = XCBuildConfiguration;
			buildSettings = {
				ASSETCATALOG_COMPILER_APPICON_NAME = AppIcon;
				ASSETCATALOG_COMPILER_GLOBAL_ACCENT_COLOR_NAME = AccentColor;
				CODE_SIGN_STYLE = Automatic;
				CURRENT_PROJECT_VERSION = 1;
				DEVELOPMENT_ASSET_PATHS = "\"Face Capture Demo/Preview Content\"";
				DEVELOPMENT_TEAM = CSD8L9EK66;
				ENABLE_PREVIEWS = YES;
				GENERATE_INFOPLIST_FILE = YES;
				INFOPLIST_FILE = "Face-Capture-Demo-Info.plist";
				INFOPLIST_KEY_NSCameraUsageDescription = "For face capture";
				INFOPLIST_KEY_UIApplicationSceneManifest_Generation = YES;
				INFOPLIST_KEY_UIApplicationSupportsIndirectInputEvents = YES;
				INFOPLIST_KEY_UISupportedInterfaceOrientations_iPad = "UIInterfaceOrientationPortrait UIInterfaceOrientationPortraitUpsideDown UIInterfaceOrientationLandscapeLeft UIInterfaceOrientationLandscapeRight";
				INFOPLIST_KEY_UISupportedInterfaceOrientations_iPhone = "UIInterfaceOrientationPortrait UIInterfaceOrientationLandscapeLeft UIInterfaceOrientationLandscapeRight";
				IPHONEOS_DEPLOYMENT_TARGET = 16.0;
				LD_RUNPATH_SEARCH_PATHS = (
					"$(inherited)",
					"@executable_path/Frameworks",
				);
				MARKETING_VERSION = 1.0;
				PRODUCT_BUNDLE_IDENTIFIER = "com.appliedrec.Face-Capture-Demo";
				PRODUCT_NAME = "$(TARGET_NAME)";
				SWIFT_EMIT_LOC_STRINGS = YES;
				SWIFT_VERSION = 5.0;
				TARGETED_DEVICE_FAMILY = "1,2";
			};
			name = Debug;
		};
		3B3750A92B698DA1000F44BB /* Release */ = {
			isa = XCBuildConfiguration;
			buildSettings = {
				ASSETCATALOG_COMPILER_APPICON_NAME = AppIcon;
				ASSETCATALOG_COMPILER_GLOBAL_ACCENT_COLOR_NAME = AccentColor;
				CODE_SIGN_STYLE = Automatic;
				CURRENT_PROJECT_VERSION = 1;
				DEVELOPMENT_ASSET_PATHS = "\"Face Capture Demo/Preview Content\"";
				DEVELOPMENT_TEAM = CSD8L9EK66;
				ENABLE_PREVIEWS = YES;
				GENERATE_INFOPLIST_FILE = YES;
				INFOPLIST_FILE = "Face-Capture-Demo-Info.plist";
				INFOPLIST_KEY_NSCameraUsageDescription = "For face capture";
				INFOPLIST_KEY_UIApplicationSceneManifest_Generation = YES;
				INFOPLIST_KEY_UIApplicationSupportsIndirectInputEvents = YES;
				INFOPLIST_KEY_UISupportedInterfaceOrientations_iPad = "UIInterfaceOrientationPortrait UIInterfaceOrientationPortraitUpsideDown UIInterfaceOrientationLandscapeLeft UIInterfaceOrientationLandscapeRight";
				INFOPLIST_KEY_UISupportedInterfaceOrientations_iPhone = "UIInterfaceOrientationPortrait UIInterfaceOrientationLandscapeLeft UIInterfaceOrientationLandscapeRight";
				IPHONEOS_DEPLOYMENT_TARGET = 16.0;
				LD_RUNPATH_SEARCH_PATHS = (
					"$(inherited)",
					"@executable_path/Frameworks",
				);
				MARKETING_VERSION = 1.0;
				PRODUCT_BUNDLE_IDENTIFIER = "com.appliedrec.Face-Capture-Demo";
				PRODUCT_NAME = "$(TARGET_NAME)";
				SWIFT_EMIT_LOC_STRINGS = YES;
				SWIFT_VERSION = 5.0;
				TARGETED_DEVICE_FAMILY = "1,2";
			};
			name = Release;
		};
/* End XCBuildConfiguration section */

/* Begin XCConfigurationList section */
		3B3750942B698D9C000F44BB /* Build configuration list for PBXProject "Face Capture Demo" */ = {
			isa = XCConfigurationList;
			buildConfigurations = (
				3B3750A52B698DA1000F44BB /* Debug */,
				3B3750A62B698DA1000F44BB /* Release */,
			);
			defaultConfigurationIsVisible = 0;
			defaultConfigurationName = Release;
		};
		3B3750A72B698DA1000F44BB /* Build configuration list for PBXNativeTarget "Face Capture Demo" */ = {
			isa = XCConfigurationList;
			buildConfigurations = (
				3B3750A82B698DA1000F44BB /* Debug */,
				3B3750A92B698DA1000F44BB /* Release */,
			);
			defaultConfigurationIsVisible = 0;
			defaultConfigurationName = Release;
		};
/* End XCConfigurationList section */

/* Begin XCLocalSwiftPackageReference section */
		3B6CCDD02B72BEBC008A801D /* XCLocalSwiftPackageReference ".." */ = {
			isa = XCLocalSwiftPackageReference;
			relativePath = ..;
		};
/* End XCLocalSwiftPackageReference section */

/* Begin XCSwiftPackageProductDependency section */
		3B3750AB2B698DD2000F44BB /* FaceCapture */ = {
			isa = XCSwiftPackageProductDependency;
			productName = FaceCapture;
		};
		3B3750AE2B6991C2000F44BB /* FaceCapture */ = {
			isa = XCSwiftPackageProductDependency;
			productName = FaceCapture;
		};
		3B6CCDD12B72BEBC008A801D /* FaceCapture */ = {
			isa = XCSwiftPackageProductDependency;
			productName = FaceCapture;
		};
/* End XCSwiftPackageProductDependency section */
	};
	rootObject = 3B3750912B698D9B000F44BB /* Project object */;
}
