PODS:
  - ASN1Decoder (1.10.0)
  - CertificateSigningRequest (1.30.0)
  - FaceCapture (1.0.0):
    - LivenessDetectionCore (~> 1.0.0)
    - VerIDCommonTypes (~> 1.0.0)
    - VerIDLicence (~> 1.0.0)
  - FaceDetectionMediaPipe (1.0.0):
    - MediaPipeTasksVision (~> 0.10)
    - VerIDCommonTypes (~> 1.0)
  - JxlCoder (1.7.3)
  - LivenessDetectionCore (1.0.0)
  - MediaPipeTasksCommon (0.10.16)
  - MediaPipeTasksVision (0.10.16):
    - MediaPipeTasksCommon (= 0.10.16)
  - SpoofDeviceDetection/Core (1.0.0):
    - LivenessDetectionCore (~> 1.0)
  - SpoofDeviceDetection/Model (1.0.0):
    - LivenessDetectionCore (~> 1.0)
    - SpoofDeviceDetection/Core
  - SwiftProtobuf (1.28.2)
  - Ver-ID-3-Serialization (1.0.0):
    - JxlCoder (< 2.0.0, >= 1.7.3)
    - SwiftProtobuf (< 2.0.0, >= 1.28.2)
    - VerIDCommonTypes (~> 1.0.0)
  - Ver-ID-SDK-Identity (4.0.0):
    - ASN1Decoder (~> 1.9)
    - CertificateSigningRequest (~> 1.30)
  - VerIDCommonTypes (1.0.0)
  - VerIDLicence (1.0.0):
    - Ver-ID-SDK-Identity (~> 4.0.0)

DEPENDENCIES:
  - FaceCapture (from `../`)
  - FaceDetectionMediaPipe (from `../../FaceDetectionMediaPipe`)
  - SpoofDeviceDetection/Model (~> 1.0)
  - Ver-ID-3-Serialization (from `../../Serialization`)
  - VerIDCommonTypes (from `../../VerIDCommonTypes`)

SPEC REPOS:
  file:///Users/jakub/Applied-Recognition/CocoaPods-repo:
    - LivenessDetectionCore
    - SpoofDeviceDetection
    - Ver-ID-SDK-Identity
    - VerIDLicence
  trunk:
    - ASN1Decoder
    - CertificateSigningRequest
    - JxlCoder
    - MediaPipeTasksCommon
    - MediaPipeTasksVision
    - SwiftProtobuf

EXTERNAL SOURCES:
  FaceCapture:
    :path: "../"
  FaceDetectionMediaPipe:
    :path: "../../FaceDetectionMediaPipe"
  Ver-ID-3-Serialization:
    :path: "../../Serialization"
  VerIDCommonTypes:
    :path: "../../VerIDCommonTypes"

SPEC CHECKSUMS:
  ASN1Decoder: 91cb1d781b5a178ea7375b2f1519e2bdaaa4c427
  CertificateSigningRequest: de2920a410a9d3737d636fbb89b9fe77b6f1f4a1
  FaceCapture: c1fd871f588cee22a6a71f6659403da7883f4e2f
  FaceDetectionMediaPipe: 328cd8c657e94fb02ce257b7e324f8ae6693fd46
  JxlCoder: e6a5ff4e5b24c1e4695265d2db6c6456e5784622
  LivenessDetectionCore: f19b47284f5702e21af8ea55fe7defac86f33829
  MediaPipeTasksCommon: de15cf4f393854505fff28a8566fa2e85297f0e9
  MediaPipeTasksVision: 658206f3ddf63ccf582bb99599ec9cbde2ca31af
  SpoofDeviceDetection: 04872bb7d39380616442361b98a7c5d9c1eee1fb
  SwiftProtobuf: 4dbaffec76a39a8dc5da23b40af1a5dc01a4c02d
  Ver-ID-3-Serialization: cd8317af1c817e4a8961647bd6c3ed2fba7098a9
  Ver-ID-SDK-Identity: b8829980c4f03b03655180f41444875f09181212
  VerIDCommonTypes: 1babba468a604c72d7a328193b40e6521c95af67
  VerIDLicence: 49c2879434228e233aa9845cccc4029c04b665ca

PODFILE CHECKSUM: 90ecf5687542daa03f52c00ae8c00674f523ef37

COCOAPODS: 1.15.2
